# This file is automatically @generated by Cargo.
# It is not intended for manual editing.
version = 3

[[package]]
name = "nonvirtual"
version = "0.1.0"
dependencies = [
 "some-lib",
 "some-other-lib",
]

[[package]]
name = "some-cdylib"
version = "0.1.0"
dependencies = [
 "some-lib",
]

[[package]]
name = "some-lib"
version = "0.1.0"

[[package]]
name = "some-other-lib"
version = "0.1.0"

[[package]]
name = "some-staticlib"
version = "0.1.0"
dependencies = [
 "some-lib",
]

[[package]]
name = "test-bin"
version = "0.1.0"
dependencies = [
 "some-lib",
]
